
Microsoft Visual Studio Solution File, Format Version 12.00
# Visual Studio Version 16
VisualStudioVersion = 16.0.29911.84
MinimumVisualStudioVersion = 10.0.40219.1
Project("{9A19103F-16F7-4668-BE54-9A1E7A4F7556}") = "UmbracoRaffle", "UmbracoRaffle.csproj", "{BBA6D5D2-46DF-452C-9673-C1B986904257}"
EndProject
Project("{9A19103F-16F7-4668-BE54-9A1E7A4F7556}") = "UmbracoRaffleTests", "..\AcmeUnitTest\UmbracoRaffleTests.csproj", "{648586BB-0F98-4490-8EA1-126ACA36649D}"
EndProject
Project("{FAE04EC0-301F-11D3-BF4B-00C04F79EFBC}") = "Pagination", "..\Pagination\Pagination.csproj", "{A9711D53-557B-4C13-894E-6A0670ADB900}"
EndProject
Global
	GlobalSection(SolutionConfigurationPlatforms) = preSolution
		Debug|Any CPU = Debug|Any CPU
		Release|Any CPU = Release|Any CPU
	EndGlobalSection
	GlobalSection(ProjectConfigurationPlatforms) = postSolution
		{BBA6D5D2-46DF-452C-9673-C1B986904257}.Debug|Any CPU.ActiveCfg = Debug|Any CPU
		{BBA6D5D2-46DF-452C-9673-C1B986904257}.Debug|Any CPU.Build.0 = Debug|Any CPU
		{BBA6D5D2-46DF-452C-9673-C1B986904257}.Release|Any CPU.ActiveCfg = Release|Any CPU
		{BBA6D5D2-46DF-452C-9673-C1B986904257}.Release|Any CPU.Build.0 = Release|Any CPU
		{648586BB-0F98-4490-8EA1-126ACA36649D}.Debug|Any CPU.ActiveCfg = Debug|Any CPU
		{648586BB-0F98-4490-8EA1-126ACA36649D}.Debug|Any CPU.Build.0 = Debug|Any CPU
		{648586BB-0F98-4490-8EA1-126ACA36649D}.Release|Any CPU.ActiveCfg = Release|Any CPU
		{648586BB-0F98-4490-8EA1-126ACA36649D}.Release|Any CPU.Build.0 = Release|Any CPU
		{A9711D53-557B-4C13-894E-6A0670ADB900}.Debug|Any CPU.ActiveCfg = Debug|Any CPU
		{A9711D53-557B-4C13-894E-6A0670ADB900}.Debug|Any CPU.Build.0 = Debug|Any CPU
		{A9711D53-557B-4C13-894E-6A0670ADB900}.Release|Any CPU.ActiveCfg = Release|Any CPU
		{A9711D53-557B-4C13-894E-6A0670ADB900}.Release|Any CPU.Build.0 = Release|Any CPU
	EndGlobalSection
	GlobalSection(SolutionProperties) = preSolution
		HideSolutionNode = FALSE
	EndGlobalSection
	GlobalSection(ExtensibilityGlobals) = postSolution
		SolutionGuid = {66CE61F9-4DB1-4A3E-850B-1CF66E03584B}
	EndGlobalSection
EndGlobal
